
Microsoft Visual Studio Solution File, Format Version 12.00
# Visual Studio Version 17
VisualStudioVersion = 17.0.31903.59
MinimumVisualStudioVersion = 10.0.40219.1
Project("{FAE04EC0-301F-11D3-BF4B-00C04F79EFBC}") = "RockAndScissPaper", "RockAndScissPaper.csproj", "{7BE7F8F8-6AD6-4D80-9176-B073FC19048D}"
EndProject
Project("{2150E333-8FDC-42A3-9474-1A3956D46DE8}") = "GameLogic", "GameLogic", "{545DD51D-A0F2-C44A-F41F-4CB9B0529A48}"
EndProject
Project("{FAE04EC0-301F-11D3-BF4B-00C04F79EFBC}") = "RockAndScissPaper.GameLogic", "GameLogic\RockAndScissPaper.GameLogic.csproj", "{BE55ECC3-C399-4393-B387-E771FAA1C738}"
EndProject
Project("{FAE04EC0-301F-11D3-BF4B-00C04F79EFBC}") = "RockAndScissPaper.Tests", "Tests\RockAndScissPaper.Tests.csproj", "{5A926CA1-A9F7-4FE0-B219-B6270DAF1C01}"
EndProject
Global
	GlobalSection(SolutionConfigurationPlatforms) = preSolution
		Debug|Any CPU = Debug|Any CPU
		Debug|x64 = Debug|x64
		Debug|x86 = Debug|x86
		Release|Any CPU = Release|Any CPU
		Release|x64 = Release|x64
		Release|x86 = Release|x86
	EndGlobalSection
	GlobalSection(ProjectConfigurationPlatforms) = postSolution
		{7BE7F8F8-6AD6-4D80-9176-B073FC19048D}.Debug|Any CPU.ActiveCfg = Debug|Any CPU
		{7BE7F8F8-6AD6-4D80-9176-B073FC19048D}.Debug|Any CPU.Build.0 = Debug|Any CPU
		{7BE7F8F8-6AD6-4D80-9176-B073FC19048D}.Debug|x64.ActiveCfg = Debug|Any CPU
		{7BE7F8F8-6AD6-4D80-9176-B073FC19048D}.Debug|x64.Build.0 = Debug|Any CPU
		{7BE7F8F8-6AD6-4D80-9176-B073FC19048D}.Debug|x86.ActiveCfg = Debug|Any CPU
		{7BE7F8F8-6AD6-4D80-9176-B073FC19048D}.Debug|x86.Build.0 = Debug|Any CPU
		{7BE7F8F8-6AD6-4D80-9176-B073FC19048D}.Release|Any CPU.ActiveCfg = Debug|Any CPU
		{7BE7F8F8-6AD6-4D80-9176-B073FC19048D}.Release|Any CPU.Build.0 = Debug|Any CPU
		{7BE7F8F8-6AD6-4D80-9176-B073FC19048D}.Release|x64.ActiveCfg = Debug|Any CPU
		{7BE7F8F8-6AD6-4D80-9176-B073FC19048D}.Release|x64.Build.0 = Debug|Any CPU
		{7BE7F8F8-6AD6-4D80-9176-B073FC19048D}.Release|x86.ActiveCfg = Debug|Any CPU
		{7BE7F8F8-6AD6-4D80-9176-B073FC19048D}.Release|x86.Build.0 = Debug|Any CPU
		{BE55ECC3-C399-4393-B387-E771FAA1C738}.Debug|Any CPU.ActiveCfg = Debug|Any CPU
		{BE55ECC3-C399-4393-B387-E771FAA1C738}.Debug|Any CPU.Build.0 = Debug|Any CPU
		{BE55ECC3-C399-4393-B387-E771FAA1C738}.Debug|x64.ActiveCfg = Debug|Any CPU
		{BE55ECC3-C399-4393-B387-E771FAA1C738}.Debug|x64.Build.0 = Debug|Any CPU
		{BE55ECC3-C399-4393-B387-E771FAA1C738}.Debug|x86.ActiveCfg = Debug|Any CPU
		{BE55ECC3-C399-4393-B387-E771FAA1C738}.Debug|x86.Build.0 = Debug|Any CPU
		{BE55ECC3-C399-4393-B387-E771FAA1C738}.Release|Any CPU.ActiveCfg = Release|Any CPU
		{BE55ECC3-C399-4393-B387-E771FAA1C738}.Release|Any CPU.Build.0 = Release|Any CPU
		{BE55ECC3-C399-4393-B387-E771FAA1C738}.Release|x64.ActiveCfg = Release|Any CPU
		{BE55ECC3-C399-4393-B387-E771FAA1C738}.Release|x64.Build.0 = Release|Any CPU
		{BE55ECC3-C399-4393-B387-E771FAA1C738}.Release|x86.ActiveCfg = Release|Any CPU
		{BE55ECC3-C399-4393-B387-E771FAA1C738}.Release|x86.Build.0 = Release|Any CPU
		{5A926CA1-A9F7-4FE0-B219-B6270DAF1C01}.Debug|Any CPU.ActiveCfg = Debug|Any CPU
		{5A926CA1-A9F7-4FE0-B219-B6270DAF1C01}.Debug|Any CPU.Build.0 = Debug|Any CPU
		{5A926CA1-A9F7-4FE0-B219-B6270DAF1C01}.Debug|x64.ActiveCfg = Debug|Any CPU
		{5A926CA1-A9F7-4FE0-B219-B6270DAF1C01}.Debug|x64.Build.0 = Debug|Any CPU
		{5A926CA1-A9F7-4FE0-B219-B6270DAF1C01}.Debug|x86.ActiveCfg = Debug|Any CPU
		{5A926CA1-A9F7-4FE0-B219-B6270DAF1C01}.Debug|x86.Build.0 = Debug|Any CPU
		{5A926CA1-A9F7-4FE0-B219-B6270DAF1C01}.Release|Any CPU.ActiveCfg = Release|Any CPU
		{5A926CA1-A9F7-4FE0-B219-B6270DAF1C01}.Release|Any CPU.Build.0 = Release|Any CPU
		{5A926CA1-A9F7-4FE0-B219-B6270DAF1C01}.Release|x64.ActiveCfg = Release|Any CPU
		{5A926CA1-A9F7-4FE0-B219-B6270DAF1C01}.Release|x64.Build.0 = Release|Any CPU
		{5A926CA1-A9F7-4FE0-B219-B6270DAF1C01}.Release|x86.ActiveCfg = Release|Any CPU
		{5A926CA1-A9F7-4FE0-B219-B6270DAF1C01}.Release|x86.Build.0 = Release|Any CPU
	EndGlobalSection
	GlobalSection(SolutionProperties) = preSolution
		HideSolutionNode = FALSE
	EndGlobalSection
	GlobalSection(NestedProjects) = preSolution
		{BE55ECC3-C399-4393-B387-E771FAA1C738} = {545DD51D-A0F2-C44A-F41F-4CB9B0529A48}
		{5A926CA1-A9F7-4FE0-B219-B6270DAF1C01} = {545DD51D-A0F2-C44A-F41F-4CB9B0529A48}
	EndGlobalSection
EndGlobal
