
Microsoft Visual Studio Solution File, Format Version 12.00
# Visual Studio Version 17
VisualStudioVersion = 17.0.31903.59
MinimumVisualStudioVersion = 10.0.40219.1
Project("{FAE04EC0-301F-11D3-BF4B-00C04F79EFBC}") = "RockAndScissPaper", "RockAndScissPaper.csproj", "{B4915421-CD8F-462D-80A5-812E82D0F511}"
EndProject
Project("{2150E333-8FDC-42A3-9474-1A3956D46DE8}") = "Core", "Core", "{FBF56CC3-7AE6-AD2D-3F14-7F97FD322CD6}"
EndProject
Project("{FAE04EC0-301F-11D3-BF4B-00C04F79EFBC}") = "RockAndScissPaper.Core", "Core\RockAndScissPaper.Core.csproj", "{6CAA7FC7-CCF4-4DDD-A347-523B120F283F}"
EndProject
Project("{FAE04EC0-301F-11D3-BF4B-00C04F79EFBC}") = "RockAndScissPaper.Tests", "Tests\RockAndScissPaper.Tests.csproj", "{C09B25B4-1C70-4481-9822-8587FC652386}"
EndProject
Global
	GlobalSection(SolutionConfigurationPlatforms) = preSolution
		Debug|Any CPU = Debug|Any CPU
		Debug|x64 = Debug|x64
		Debug|x86 = Debug|x86
		Release|Any CPU = Release|Any CPU
		Release|x64 = Release|x64
		Release|x86 = Release|x86
	EndGlobalSection
	GlobalSection(ProjectConfigurationPlatforms) = postSolution
		{B4915421-CD8F-462D-80A5-812E82D0F511}.Debug|Any CPU.ActiveCfg = Debug|Any CPU
		{B4915421-CD8F-462D-80A5-812E82D0F511}.Debug|Any CPU.Build.0 = Debug|Any CPU
		{B4915421-CD8F-462D-80A5-812E82D0F511}.Debug|x64.ActiveCfg = Debug|Any CPU
		{B4915421-CD8F-462D-80A5-812E82D0F511}.Debug|x64.Build.0 = Debug|Any CPU
		{B4915421-CD8F-462D-80A5-812E82D0F511}.Debug|x86.ActiveCfg = Debug|Any CPU
		{B4915421-CD8F-462D-80A5-812E82D0F511}.Debug|x86.Build.0 = Debug|Any CPU
		{B4915421-CD8F-462D-80A5-812E82D0F511}.Release|Any CPU.ActiveCfg = Debug|Any CPU
		{B4915421-CD8F-462D-80A5-812E82D0F511}.Release|Any CPU.Build.0 = Debug|Any CPU
		{B4915421-CD8F-462D-80A5-812E82D0F511}.Release|x64.ActiveCfg = Debug|Any CPU
		{B4915421-CD8F-462D-80A5-812E82D0F511}.Release|x64.Build.0 = Debug|Any CPU
		{B4915421-CD8F-462D-80A5-812E82D0F511}.Release|x86.ActiveCfg = Debug|Any CPU
		{B4915421-CD8F-462D-80A5-812E82D0F511}.Release|x86.Build.0 = Debug|Any CPU
		{6CAA7FC7-CCF4-4DDD-A347-523B120F283F}.Debug|Any CPU.ActiveCfg = Debug|Any CPU
		{6CAA7FC7-CCF4-4DDD-A347-523B120F283F}.Debug|Any CPU.Build.0 = Debug|Any CPU
		{6CAA7FC7-CCF4-4DDD-A347-523B120F283F}.Debug|x64.ActiveCfg = Debug|Any CPU
		{6CAA7FC7-CCF4-4DDD-A347-523B120F283F}.Debug|x64.Build.0 = Debug|Any CPU
		{6CAA7FC7-CCF4-4DDD-A347-523B120F283F}.Debug|x86.ActiveCfg = Debug|Any CPU
		{6CAA7FC7-CCF4-4DDD-A347-523B120F283F}.Debug|x86.Build.0 = Debug|Any CPU
		{6CAA7FC7-CCF4-4DDD-A347-523B120F283F}.Release|Any CPU.ActiveCfg = Release|Any CPU
		{6CAA7FC7-CCF4-4DDD-A347-523B120F283F}.Release|Any CPU.Build.0 = Release|Any CPU
		{6CAA7FC7-CCF4-4DDD-A347-523B120F283F}.Release|x64.ActiveCfg = Release|Any CPU
		{6CAA7FC7-CCF4-4DDD-A347-523B120F283F}.Release|x64.Build.0 = Release|Any CPU
		{6CAA7FC7-CCF4-4DDD-A347-523B120F283F}.Release|x86.ActiveCfg = Release|Any CPU
		{6CAA7FC7-CCF4-4DDD-A347-523B120F283F}.Release|x86.Build.0 = Release|Any CPU
		{C09B25B4-1C70-4481-9822-8587FC652386}.Debug|Any CPU.ActiveCfg = Debug|Any CPU
		{C09B25B4-1C70-4481-9822-8587FC652386}.Debug|Any CPU.Build.0 = Debug|Any CPU
		{C09B25B4-1C70-4481-9822-8587FC652386}.Debug|x64.ActiveCfg = Debug|Any CPU
		{C09B25B4-1C70-4481-9822-8587FC652386}.Debug|x64.Build.0 = Debug|Any CPU
		{C09B25B4-1C70-4481-9822-8587FC652386}.Debug|x86.ActiveCfg = Debug|Any CPU
		{C09B25B4-1C70-4481-9822-8587FC652386}.Debug|x86.Build.0 = Debug|Any CPU
		{C09B25B4-1C70-4481-9822-8587FC652386}.Release|Any CPU.ActiveCfg = Release|Any CPU
		{C09B25B4-1C70-4481-9822-8587FC652386}.Release|Any CPU.Build.0 = Release|Any CPU
		{C09B25B4-1C70-4481-9822-8587FC652386}.Release|x64.ActiveCfg = Release|Any CPU
		{C09B25B4-1C70-4481-9822-8587FC652386}.Release|x64.Build.0 = Release|Any CPU
		{C09B25B4-1C70-4481-9822-8587FC652386}.Release|x86.ActiveCfg = Release|Any CPU
		{C09B25B4-1C70-4481-9822-8587FC652386}.Release|x86.Build.0 = Release|Any CPU
	EndGlobalSection
	GlobalSection(SolutionProperties) = preSolution
		HideSolutionNode = FALSE
	EndGlobalSection
	GlobalSection(NestedProjects) = preSolution
		{6CAA7FC7-CCF4-4DDD-A347-523B120F283F} = {FBF56CC3-7AE6-AD2D-3F14-7F97FD322CD6}
		{C09B25B4-1C70-4481-9822-8587FC652386} = {FBF56CC3-7AE6-AD2D-3F14-7F97FD322CD6}
	EndGlobalSection
EndGlobal
